
Microsoft Visual Studio Solution File, Format Version 12.00
Project("{2150E333-8FDC-42A3-9474-1A3956D46DE8}") = "src", "src", "{5AB12B9B-6606-45EC-8838-1C951B702549}"
EndProject
Project("{FAE04EC0-301F-11D3-BF4B-00C04F79EFBC}") = "API", "API\API.csproj", "{21F345E6-7D6D-4306-AF8B-2F0E7E10DDE4}"
EndProject
Project("{FAE04EC0-301F-11D3-BF4B-00C04F79EFBC}") = "DLL", "DLL\DLL.csproj", "{0012BC7E-3D23-4F9E-A315-1401BC523E43}"
EndProject
Project("{FAE04EC0-301F-11D3-BF4B-00C04F79EFBC}") = "BLL", "BLL\BLL.csproj", "{04DD8CC9-4814-49CE-81C6-9F4ECA0C1E3F}"
EndProject
Project("{FAE04EC0-301F-11D3-BF4B-00C04F79EFBC}") = "Utility", "Utility\Utility.csproj", "{B6F6E029-958E-4941-BEE4-6DE2E2135177}"
EndProject
Global
	GlobalSection(SolutionConfigurationPlatforms) = preSolution
		Debug|Any CPU = Debug|Any CPU
		Release|Any CPU = Release|Any CPU
	EndGlobalSection
	GlobalSection(NestedProjects) = preSolution
		{21F345E6-7D6D-4306-AF8B-2F0E7E10DDE4} = {5AB12B9B-6606-45EC-8838-1C951B702549}
		{0012BC7E-3D23-4F9E-A315-1401BC523E43} = {5AB12B9B-6606-45EC-8838-1C951B702549}
		{04DD8CC9-4814-49CE-81C6-9F4ECA0C1E3F} = {5AB12B9B-6606-45EC-8838-1C951B702549}
		{B6F6E029-958E-4941-BEE4-6DE2E2135177} = {5AB12B9B-6606-45EC-8838-1C951B702549}
	EndGlobalSection
	GlobalSection(ProjectConfigurationPlatforms) = postSolution
		{21F345E6-7D6D-4306-AF8B-2F0E7E10DDE4}.Debug|Any CPU.ActiveCfg = Debug|Any CPU
		{21F345E6-7D6D-4306-AF8B-2F0E7E10DDE4}.Debug|Any CPU.Build.0 = Debug|Any CPU
		{21F345E6-7D6D-4306-AF8B-2F0E7E10DDE4}.Release|Any CPU.ActiveCfg = Release|Any CPU
		{21F345E6-7D6D-4306-AF8B-2F0E7E10DDE4}.Release|Any CPU.Build.0 = Release|Any CPU
		{0012BC7E-3D23-4F9E-A315-1401BC523E43}.Debug|Any CPU.ActiveCfg = Debug|Any CPU
		{0012BC7E-3D23-4F9E-A315-1401BC523E43}.Debug|Any CPU.Build.0 = Debug|Any CPU
		{0012BC7E-3D23-4F9E-A315-1401BC523E43}.Release|Any CPU.ActiveCfg = Release|Any CPU
		{0012BC7E-3D23-4F9E-A315-1401BC523E43}.Release|Any CPU.Build.0 = Release|Any CPU
		{04DD8CC9-4814-49CE-81C6-9F4ECA0C1E3F}.Debug|Any CPU.ActiveCfg = Debug|Any CPU
		{04DD8CC9-4814-49CE-81C6-9F4ECA0C1E3F}.Debug|Any CPU.Build.0 = Debug|Any CPU
		{04DD8CC9-4814-49CE-81C6-9F4ECA0C1E3F}.Release|Any CPU.ActiveCfg = Release|Any CPU
		{04DD8CC9-4814-49CE-81C6-9F4ECA0C1E3F}.Release|Any CPU.Build.0 = Release|Any CPU
		{B6F6E029-958E-4941-BEE4-6DE2E2135177}.Debug|Any CPU.ActiveCfg = Debug|Any CPU
		{B6F6E029-958E-4941-BEE4-6DE2E2135177}.Debug|Any CPU.Build.0 = Debug|Any CPU
		{B6F6E029-958E-4941-BEE4-6DE2E2135177}.Release|Any CPU.ActiveCfg = Release|Any CPU
		{B6F6E029-958E-4941-BEE4-6DE2E2135177}.Release|Any CPU.Build.0 = Release|Any CPU
	EndGlobalSection
EndGlobal
